
Microsoft Visual Studio Solution File, Format Version 12.00
# Visual Studio Version 17
VisualStudioVersion = 17.3.32811.315
MinimumVisualStudioVersion = 10.0.40219.1
Project("{FAE04EC0-301F-11D3-BF4B-00C04F79EFBC}") = "Heaton_JsonHtml", "Heaton_JsonHtml.csproj", "{04834A17-40BE-4090-B5E6-A693D368DB6B}"
EndProject
Global
	GlobalSection(SolutionConfigurationPlatforms) = preSolution
		Debug|Any CPU = Debug|Any CPU
		Release|Any CPU = Release|Any CPU
	EndGlobalSection
	GlobalSection(ProjectConfigurationPlatforms) = postSolution
		{04834A17-40BE-4090-B5E6-A693D368DB6B}.Debug|Any CPU.ActiveCfg = Debug|Any CPU
		{04834A17-40BE-4090-B5E6-A693D368DB6B}.Debug|Any CPU.Build.0 = Debug|Any CPU
		{04834A17-40BE-4090-B5E6-A693D368DB6B}.Release|Any CPU.ActiveCfg = Release|Any CPU
		{04834A17-40BE-4090-B5E6-A693D368DB6B}.Release|Any CPU.Build.0 = Release|Any CPU
	EndGlobalSection
	GlobalSection(SolutionProperties) = preSolution
		HideSolutionNode = FALSE
	EndGlobalSection
	GlobalSection(ExtensibilityGlobals) = postSolution
		SolutionGuid = {EC372E4C-7174-4601-88BA-A5B6A0004279}
	EndGlobalSection
EndGlobal
