
Microsoft Visual Studio Solution File, Format Version 12.00
# Visual Studio Version 17
VisualStudioVersion = 17.3.32811.315
MinimumVisualStudioVersion = 10.0.40219.1
Project("{FAE04EC0-301F-11D3-BF4B-00C04F79EFBC}") = "Traffic", "Traffic.csproj", "{97AA0869-E021-48F9-99ED-DA3E1932FBF6}"
EndProject
Global
	GlobalSection(SolutionConfigurationPlatforms) = preSolution
		Debug|Any CPU = Debug|Any CPU
		Release|Any CPU = Release|Any CPU
	EndGlobalSection
	GlobalSection(ProjectConfigurationPlatforms) = postSolution
		{97AA0869-E021-48F9-99ED-DA3E1932FBF6}.Debug|Any CPU.ActiveCfg = Debug|Any CPU
		{97AA0869-E021-48F9-99ED-DA3E1932FBF6}.Debug|Any CPU.Build.0 = Debug|Any CPU
		{97AA0869-E021-48F9-99ED-DA3E1932FBF6}.Release|Any CPU.ActiveCfg = Release|Any CPU
		{97AA0869-E021-48F9-99ED-DA3E1932FBF6}.Release|Any CPU.Build.0 = Release|Any CPU
	EndGlobalSection
	GlobalSection(SolutionProperties) = preSolution
		HideSolutionNode = FALSE
	EndGlobalSection
	GlobalSection(ExtensibilityGlobals) = postSolution
		SolutionGuid = {3996BEC4-320F-4F1F-9A36-426481662239}
	EndGlobalSection
EndGlobal
