
Microsoft Visual Studio Solution File, Format Version 12.00
# Visual Studio Version 17
VisualStudioVersion = 17.3.32811.315
MinimumVisualStudioVersion = 10.0.40219.1
Project("{FAE04EC0-301F-11D3-BF4B-00C04F79EFBC}") = "Heaton_Test1_3", "Heaton_Test1_3.csproj", "{DA0C6B4B-5560-4708-8021-2CD08298BB02}"
EndProject
Global
	GlobalSection(SolutionConfigurationPlatforms) = preSolution
		Debug|Any CPU = Debug|Any CPU
		Release|Any CPU = Release|Any CPU
	EndGlobalSection
	GlobalSection(ProjectConfigurationPlatforms) = postSolution
		{DA0C6B4B-5560-4708-8021-2CD08298BB02}.Debug|Any CPU.ActiveCfg = Debug|Any CPU
		{DA0C6B4B-5560-4708-8021-2CD08298BB02}.Debug|Any CPU.Build.0 = Debug|Any CPU
		{DA0C6B4B-5560-4708-8021-2CD08298BB02}.Release|Any CPU.ActiveCfg = Release|Any CPU
		{DA0C6B4B-5560-4708-8021-2CD08298BB02}.Release|Any CPU.Build.0 = Release|Any CPU
	EndGlobalSection
	GlobalSection(SolutionProperties) = preSolution
		HideSolutionNode = FALSE
	EndGlobalSection
	GlobalSection(ExtensibilityGlobals) = postSolution
		SolutionGuid = {BE235C58-B840-4313-B6B2-64F47089D36C}
	EndGlobalSection
EndGlobal
