
Microsoft Visual Studio Solution File, Format Version 12.00
# Visual Studio Version 17
VisualStudioVersion = 17.3.32811.315
MinimumVisualStudioVersion = 10.0.40219.1
Project("{FAE04EC0-301F-11D3-BF4B-00C04F79EFBC}") = "Heaton_Test1_12", "Heaton_Test1_12.csproj", "{12D7B6DE-C168-41B8-BF6E-E4691F602665}"
EndProject
Global
	GlobalSection(SolutionConfigurationPlatforms) = preSolution
		Debug|Any CPU = Debug|Any CPU
		Release|Any CPU = Release|Any CPU
	EndGlobalSection
	GlobalSection(ProjectConfigurationPlatforms) = postSolution
		{12D7B6DE-C168-41B8-BF6E-E4691F602665}.Debug|Any CPU.ActiveCfg = Debug|Any CPU
		{12D7B6DE-C168-41B8-BF6E-E4691F602665}.Debug|Any CPU.Build.0 = Debug|Any CPU
		{12D7B6DE-C168-41B8-BF6E-E4691F602665}.Release|Any CPU.ActiveCfg = Release|Any CPU
		{12D7B6DE-C168-41B8-BF6E-E4691F602665}.Release|Any CPU.Build.0 = Release|Any CPU
	EndGlobalSection
	GlobalSection(SolutionProperties) = preSolution
		HideSolutionNode = FALSE
	EndGlobalSection
	GlobalSection(ExtensibilityGlobals) = postSolution
		SolutionGuid = {FCD97D41-D68F-4498-AE26-D4510BACF0B1}
	EndGlobalSection
EndGlobal
