
Microsoft Visual Studio Solution File, Format Version 12.00
# Visual Studio Version 17
VisualStudioVersion = 17.3.32811.315
MinimumVisualStudioVersion = 10.0.40219.1
Project("{FAE04EC0-301F-11D3-BF4B-00C04F79EFBC}") = "Heaton_PE25", "Heaton_PE25.csproj", "{7BB49203-877F-49F9-8249-C602C9FC8F23}"
EndProject
Global
	GlobalSection(SolutionConfigurationPlatforms) = preSolution
		Debug|Any CPU = Debug|Any CPU
		Release|Any CPU = Release|Any CPU
	EndGlobalSection
	GlobalSection(ProjectConfigurationPlatforms) = postSolution
		{7BB49203-877F-49F9-8249-C602C9FC8F23}.Debug|Any CPU.ActiveCfg = Debug|Any CPU
		{7BB49203-877F-49F9-8249-C602C9FC8F23}.Debug|Any CPU.Build.0 = Debug|Any CPU
		{7BB49203-877F-49F9-8249-C602C9FC8F23}.Release|Any CPU.ActiveCfg = Release|Any CPU
		{7BB49203-877F-49F9-8249-C602C9FC8F23}.Release|Any CPU.Build.0 = Release|Any CPU
	EndGlobalSection
	GlobalSection(SolutionProperties) = preSolution
		HideSolutionNode = FALSE
	EndGlobalSection
	GlobalSection(ExtensibilityGlobals) = postSolution
		SolutionGuid = {21799510-DE22-440F-95E6-B6467E8D3D5C}
	EndGlobalSection
EndGlobal
