
Microsoft Visual Studio Solution File, Format Version 12.00
# Visual Studio Version 17
VisualStudioVersion = 17.3.32811.315
MinimumVisualStudioVersion = 10.0.40219.1
Project("{FAE04EC0-301F-11D3-BF4B-00C04F79EFBC}") = "Heaton_Unit2TestQ910", "Heaton_Unit2TestQ910.csproj", "{950EDC09-871E-444E-983D-D1076B3986F3}"
EndProject
Global
	GlobalSection(SolutionConfigurationPlatforms) = preSolution
		Debug|Any CPU = Debug|Any CPU
		Release|Any CPU = Release|Any CPU
	EndGlobalSection
	GlobalSection(ProjectConfigurationPlatforms) = postSolution
		{950EDC09-871E-444E-983D-D1076B3986F3}.Debug|Any CPU.ActiveCfg = Debug|Any CPU
		{950EDC09-871E-444E-983D-D1076B3986F3}.Debug|Any CPU.Build.0 = Debug|Any CPU
		{950EDC09-871E-444E-983D-D1076B3986F3}.Release|Any CPU.ActiveCfg = Release|Any CPU
		{950EDC09-871E-444E-983D-D1076B3986F3}.Release|Any CPU.Build.0 = Release|Any CPU
	EndGlobalSection
	GlobalSection(SolutionProperties) = preSolution
		HideSolutionNode = FALSE
	EndGlobalSection
	GlobalSection(ExtensibilityGlobals) = postSolution
		SolutionGuid = {5C7AF5FA-40E4-4F42-BFB7-27ADC15D4409}
	EndGlobalSection
EndGlobal
