
Microsoft Visual Studio Solution File, Format Version 12.00
# Visual Studio Version 17
VisualStudioVersion = 17.3.32811.315
MinimumVisualStudioVersion = 10.0.40219.1
Project("{FAE04EC0-301F-11D3-BF4B-00C04F79EFBC}") = "Heaton_PE14", "Heaton_PE14.csproj", "{9C2429B3-2A56-466B-B382-2CA8EEFFA5D7}"
EndProject
Global
	GlobalSection(SolutionConfigurationPlatforms) = preSolution
		Debug|Any CPU = Debug|Any CPU
		Release|Any CPU = Release|Any CPU
	EndGlobalSection
	GlobalSection(ProjectConfigurationPlatforms) = postSolution
		{9C2429B3-2A56-466B-B382-2CA8EEFFA5D7}.Debug|Any CPU.ActiveCfg = Debug|Any CPU
		{9C2429B3-2A56-466B-B382-2CA8EEFFA5D7}.Debug|Any CPU.Build.0 = Debug|Any CPU
		{9C2429B3-2A56-466B-B382-2CA8EEFFA5D7}.Release|Any CPU.ActiveCfg = Release|Any CPU
		{9C2429B3-2A56-466B-B382-2CA8EEFFA5D7}.Release|Any CPU.Build.0 = Release|Any CPU
	EndGlobalSection
	GlobalSection(SolutionProperties) = preSolution
		HideSolutionNode = FALSE
	EndGlobalSection
	GlobalSection(ExtensibilityGlobals) = postSolution
		SolutionGuid = {8FC9C796-30E7-4F18-BF05-68FC9A6134D0}
	EndGlobalSection
EndGlobal
