
Microsoft Visual Studio Solution File, Format Version 12.00
# Visual Studio Version 17
VisualStudioVersion = 17.3.32811.315
MinimumVisualStudioVersion = 10.0.40219.1
Project("{FAE04EC0-301F-11D3-BF4B-00C04F79EFBC}") = "Heaton_Unit2TestQ14", "Heaton_Unit2TestQ14.csproj", "{1572E6CD-115C-45AD-927E-313959566D7F}"
EndProject
Global
	GlobalSection(SolutionConfigurationPlatforms) = preSolution
		Debug|Any CPU = Debug|Any CPU
		Release|Any CPU = Release|Any CPU
	EndGlobalSection
	GlobalSection(ProjectConfigurationPlatforms) = postSolution
		{1572E6CD-115C-45AD-927E-313959566D7F}.Debug|Any CPU.ActiveCfg = Debug|Any CPU
		{1572E6CD-115C-45AD-927E-313959566D7F}.Debug|Any CPU.Build.0 = Debug|Any CPU
		{1572E6CD-115C-45AD-927E-313959566D7F}.Release|Any CPU.ActiveCfg = Release|Any CPU
		{1572E6CD-115C-45AD-927E-313959566D7F}.Release|Any CPU.Build.0 = Release|Any CPU
	EndGlobalSection
	GlobalSection(SolutionProperties) = preSolution
		HideSolutionNode = FALSE
	EndGlobalSection
	GlobalSection(ExtensibilityGlobals) = postSolution
		SolutionGuid = {21BBA0C8-5B5E-4EAA-8A11-11EC5CD4ED85}
	EndGlobalSection
EndGlobal
